dependencies:
  '@nx-js/observer-util': 4.2.2
  construct-style-sheets-polyfill: 2.4.16
  element-props: 1.4.0
  haunted: 4.7.1
  uce: 1.15.0
  uhtml: 2.6.0
devDependencies:
  vite: 2.0.5
lockfileVersion: 5.2
packages:
  /@nx-js/observer-util/4.2.2:
    dev: false
    engines:
      node: '>=6.5.0'
    resolution:
      integrity: sha512-9OayX1xkdGjdnsDiO2YdaYJ6aMyCF7/NY4QWVgIgjSAZJ4OX2fD766Ts79hEzBscenQy2DCaSoY8VkguIMB1ZA==
  /@ungap/create-content/0.3.1:
    dev: false
    resolution:
      integrity: sha512-SHzmtS3KHG+gzNhO/E0tFqs12vNC5H3YxpF8a8AeodB/iX3ZYcxzS8vgWXbDGmHy6bgl7m+f9+wDKBdqOVT5FA==
  /async-tag/0.2.0:
    dev: false
    resolution:
      integrity: sha512-hNstPiQvxVVJdkBjfBsNb3zDEM2IUY3Xp7qaadEnhaGXq1/OFdS+TuwjEJxnIvZRm7e13KrPW74fIeDra7P5vw==
  /colorette/1.2.2:
    dev: true
    resolution:
      integrity: sha512-MKGMzyfeuutC/ZJ1cba9NqcNpfeqMUcYmyF1ZFY6/Cn7CNSAKx6a+s48sqLqyAiZuaP2TcqMhoo+dlwFnVxT9w==
  /construct-style-sheets-polyfill/2.4.16:
    dev: false
    resolution:
      integrity: sha512-gaXX8c0IcLpTNj6q6TCKnhBJ1wuzmWEIrjp3pc1XfXS57WnvB3rVeAvsqYwyGOdPNdZiZYFyCOLgYbKKjhHIFg==
  /element-props/1.4.0:
    dev: false
    resolution:
      integrity: sha512-JKDjKtFQP484/JOc/zIz8yujOr102loDKNohLXNlggWAFAwU+ZbYug7P1tN7UWIjiER17h9/Nzl83LRkXTksvA==
  /esbuild/0.8.57:
    dev: true
    hasBin: true
    requiresBuild: true
    resolution:
      integrity: sha512-j02SFrUwFTRUqiY0Kjplwjm1psuzO1d6AjaXKuOR9hrY0HuPsT6sV42B6myW34h1q4CRy+Y3g4RU/cGJeI/nNA==
  /fsevents/2.3.2:
    dev: true
    engines:
      node: ^8.16.0 || ^10.6.0 || >=11.0.0
    optional: true
    os:
      - darwin
    resolution:
      integrity: sha512-xiqMQR4xAeHTuB9uWm+fFRcIOgKBMiOBP+eXiyT7jsgVCq1bkVygt00oASowB7EdtpOHaaPgKt812P9ab+DDKA==
  /function-bind/1.1.1:
    dev: true
    resolution:
      integrity: sha512-yIovAzMX49sF8Yl58fSCWJ5svSLuaibPxXQJFLmBObTuCr0Mf1KiPopGM9NiFjiYBCbfaa2Fh6breQ6ANVTI0A==
  /has/1.0.3:
    dependencies:
      function-bind: 1.1.1
    dev: true
    engines:
      node: '>= 0.4.0'
    resolution:
      integrity: sha512-f2dvO0VU6Oej7RkWJGrehjbzMAjFp5/VKPp5tTpWIV4JHHZK1/BxbFRtf/siA2SWTe09caDmVtYYzWEIbBS4zw==
  /haunted/4.7.1:
    dependencies:
      lit-html: 1.3.0
    dev: false
    resolution:
      integrity: sha512-bUQGPlKIAR1Ou22tjF4YgRaNaUHdeJx6T1x06h3iC7yvreHMpodO3/ixchEAU3QK1e4SjzvaFA0of0m9jiE4Kg==
  /is-core-module/2.2.0:
    dependencies:
      has: 1.0.3
    dev: true
    resolution:
      integrity: sha512-XRAfAdyyY5F5cOXn7hYQDqh2Xmii+DEfIcQGxK/uNwMHhIkPWO0g8msXcbzLe+MpGoR951MlqM/2iIlU4vKDdQ==
  /lit-html/1.3.0:
    dev: false
    resolution:
      integrity: sha512-0Q1bwmaFH9O14vycPHw8C/IeHMk/uSDldVLIefu/kfbTBGIc44KGH6A8p1bDfxUfHdc8q6Ct7kQklWoHgr4t1Q==
  /nanoid/3.1.21:
    dev: true
    engines:
      node: ^10 || ^12 || ^13.7 || ^14 || >=15.0.1
    hasBin: true
    resolution:
      integrity: sha512-A6oZraK4DJkAOICstsGH98dvycPr/4GGDH7ZWKmMdd3vGcOurZ6JmWFUt0DA5bzrrn2FrUjmv6mFNWvv8jpppA==
  /path-parse/1.0.6:
    dev: true
    resolution:
      integrity: sha512-GSmOT2EbHrINBf9SR7CDELwlJ8AENk3Qn7OikK4nFYAu3Ote2+JYNVvkpAEQm3/TLNEJFD/xZJjzyxg3KBWOzw==
  /plain-tag/0.1.3:
    dev: false
    resolution:
      integrity: sha512-yyVAOFKTAElc7KdLt2+UKGExNYwYb/Y/WE9i+1ezCQsJE8gbKSjewfpRqK2nQgZ4d4hhAAGgDCOcIZVilqE5UA==
  /postcss/8.2.8:
    dependencies:
      colorette: 1.2.2
      nanoid: 3.1.21
      source-map: 0.6.1
    dev: true
    engines:
      node: ^10 || ^12 || >=14
    resolution:
      integrity: sha512-1F0Xb2T21xET7oQV9eKuctbM9S7BC0fetoHCc4H13z0PT6haiRLP4T0ZY4XWh7iLP0usgqykT6p9B2RtOf4FPw==
  /reactive-props/0.2.2:
    dev: false
    resolution:
      integrity: sha512-n+SrgOCufapXcef1ulKe4FNWq+Mn/fUTISwPfHYd4lL+Tc3kkeb0VfKF5UIZ6XYjgCjeCDnI5WkgzW11nlzEGg==
  /resolve/1.20.0:
    dependencies:
      is-core-module: 2.2.0
      path-parse: 1.0.6
    dev: true
    resolution:
      integrity: sha512-wENBPt4ySzg4ybFQW2TT1zMQucPK95HSh/nq2CFTZVOGut2+pQvSsgtda4d26YrYcr067wjbmzOG8byDPBX63A==
  /rollup/2.41.2:
    dev: true
    engines:
      node: '>=10.0.0'
    hasBin: true
    optionalDependencies:
      fsevents: 2.3.2
    resolution:
      integrity: sha512-6u8fJJXJx6fmvKrAC9DHYZgONvSkz8S9b/VFBjoQ6dkKdHyPpPbpqiNl2Bao9XBzDHpq672X6sGZ9G1ZBqAHMg==
  /source-map/0.6.1:
    dev: true
    engines:
      node: '>=0.10.0'
    resolution:
      integrity: sha512-UjgapumWlbMhkBgzT7Ykc5YXUT46F0iKu8SGXq0bcwP5dz/h0Plj6enJqjz1Zbq2l5WaqYnrVbwWOWMyF3F47g==
  /uarray/1.0.0:
    dev: false
    resolution:
      integrity: sha512-LHmiAd5QuAv7pU2vbh+Zq9YOnqVK0H764p2Ozinpfy9ka58OID4IsGLiXsitqH7n0NAIDxvax1A/kDXpii/Ckg==
  /uce/1.15.0:
    dependencies:
      plain-tag: 0.1.3
      reactive-props: 0.2.2
      uhtml: 2.6.0
      umap: 1.0.2
    dev: false
    resolution:
      integrity: sha512-vK3bSX7Vh3GToJK1MD7HErT51N/RA2Sfcexf085Pzq4gd6II/Q/rLdQ1GcwAJ5qJKUAmlSuYZBsTmD2u6wF4og==
  /udomdiff/1.1.0:
    dev: false
    resolution:
      integrity: sha512-aqjTs5x/wsShZBkVagdafJkP8S3UMGhkHKszsu1cszjjZ7iOp86+Qb3QOFYh01oWjPMy5ZTuxD6hw5uTKxd+VA==
  /uhandlers/0.5.0:
    dependencies:
      uarray: 1.0.0
    dev: false
    resolution:
      integrity: sha512-k62zN6xdC97MbVUCtGyq5Pm+vYwf4vJ5z/KNo4bCEclZzsyi5T5pFrJxHVYqdht+3diCyK7KveUsJPXFJajYfQ==
  /uhtml/2.6.0:
    dependencies:
      '@ungap/create-content': 0.3.1
      async-tag: 0.2.0
      uarray: 1.0.0
      udomdiff: 1.1.0
      uhandlers: 0.5.0
      umap: 1.0.2
      uparser: 0.2.1
      uwire: 1.1.0
    dev: false
    resolution:
      integrity: sha512-WFCyNzdwzl8+azAU9cblG8fc+VCbvFqIftYY6YQo2x1kVqm8HT3jk/T8K/YyfC1uP8o0RavqNCJvO621z8wj3A==
  /umap/1.0.2:
    dev: false
    resolution:
      integrity: sha512-bW127HgG4H4VAD6qlqO5vCC+7bnlYvZ6A6BdwyGblkWvlEG7VYpj1bcpf3iJpvyKmkPZWDIeZDmoULz67ec7NA==
  /uparser/0.2.1:
    dev: false
    resolution:
      integrity: sha512-hTwK8e+bAaER8gJBOysoFGjRPsX/xOthSPR/ieI9EgTf1rts9ey25tbDXIU0rDr/cGcLsvkCo1n8J/eccfAvvw==
  /uwire/1.1.0:
    dependencies:
      uarray: 1.0.0
    dev: false
    resolution:
      integrity: sha512-XJPmJnySabt8D0/wnfFFywgUOBnXszDEW32nEVIfOx1n6gLTZSp+X+70+blSnHKNiIUVSFPmmRuxOal0I/aB5g==
  /vite/2.0.5:
    dependencies:
      esbuild: 0.8.57
      postcss: 8.2.8
      resolve: 1.20.0
      rollup: 2.41.2
    dev: true
    engines:
      node: '>=12.0.0'
    hasBin: true
    optionalDependencies:
      fsevents: 2.3.2
    resolution:
      integrity: sha512-QTgEDbq1WsTtr6j+++ewjhBFEk6c8v0xz4fb/OWJQKNYU8ZZtphOshwOqAlnarSstPBtWCBR0tsugXx6ajfoUg==
specifiers:
  '@nx-js/observer-util': ^4.2.2
  construct-style-sheets-polyfill: ^2.4.16
  element-props: ^1.4.0
  haunted: ^4.7.1
  uce: ^1.15.0
  uhtml: ^2.6.0
  vite: ^2.0.5
